
Microsoft Visual Studio Solution File, Format Version 12.00
# Visual Studio Version 17
VisualStudioVersion = 17.0.32014.148
MinimumVisualStudioVersion = 10.0.40219.1
Project("{FAE04EC0-301F-11D3-BF4B-00C04F79EFBC}") = "GadgetHouse", "GadgetHouse\GadgetHouse.csproj", "{89FCFFF1-6D22-459B-9BA5-62F5990353A5}"
EndProject
Global
	GlobalSection(SolutionConfigurationPlatforms) = preSolution
		Debug|Any CPU = Debug|Any CPU
		Release|Any CPU = Release|Any CPU
	EndGlobalSection
	GlobalSection(ProjectConfigurationPlatforms) = postSolution
		{89FCFFF1-6D22-459B-9BA5-62F5990353A5}.Debug|Any CPU.ActiveCfg = Debug|Any CPU
		{89FCFFF1-6D22-459B-9BA5-62F5990353A5}.Debug|Any CPU.Build.0 = Debug|Any CPU
		{89FCFFF1-6D22-459B-9BA5-62F5990353A5}.Release|Any CPU.ActiveCfg = Release|Any CPU
		{89FCFFF1-6D22-459B-9BA5-62F5990353A5}.Release|Any CPU.Build.0 = Release|Any CPU
	EndGlobalSection
	GlobalSection(SolutionProperties) = preSolution
		HideSolutionNode = FALSE
	EndGlobalSection
	GlobalSection(ExtensibilityGlobals) = postSolution
		SolutionGuid = {59F5A564-4208-4B7D-AED4-D5DD6814F1FF}
	EndGlobalSection
EndGlobal
